
Microsoft Visual Studio Solution File, Format Version 12.00
# Visual Studio Version 17
VisualStudioVersion = 17.11.35222.181
MinimumVisualStudioVersion = 10.0.40219.1
Project("{9A19103F-16F7-4668-BE54-9A1E7A4F7556}") = "AdapterPattern", "AdapterPattern\AdapterPattern.csproj", "{860EDBDD-188F-4BD1-B0D9-C56B750E8718}"
EndProject
Project("{9A19103F-16F7-4668-BE54-9A1E7A4F7556}") = "BridgePattern", "BridgePattern\BridgePattern.csproj", "{924A63F3-2BD0-4D40-9A4D-FCD4D8ECDF1F}"
EndProject
Project("{9A19103F-16F7-4668-BE54-9A1E7A4F7556}") = "BuilderPattern", "BuilderPattern\BuilderPattern.csproj", "{EC7CBDF1-D858-4BD7-AA26-9192B7627365}"
EndProject
Project("{9A19103F-16F7-4668-BE54-9A1E7A4F7556}") = "ChainofResponsibility", "ChainofResponsibility\ChainofResponsibility.csproj", "{4634CF7D-2F86-4FD0-8196-AA241157A5D3}"
EndProject
Project("{9A19103F-16F7-4668-BE54-9A1E7A4F7556}") = "CommandPattern", "CommandPattern\CommandPattern.csproj", "{7C653219-087E-4FBC-B7DD-59A9E522248A}"
EndProject
Project("{9A19103F-16F7-4668-BE54-9A1E7A4F7556}") = "CompositePattern", "CompositePattern\CompositePattern.csproj", "{CA2B4A35-4599-4744-9387-56A1044C33C7}"
EndProject
Project("{9A19103F-16F7-4668-BE54-9A1E7A4F7556}") = "DecoratorPattern", "DecoratorPattern\DecoratorPattern.csproj", "{9298C0DA-0A5C-47F1-844A-BF8032BCF4A8}"
EndProject
Project("{9A19103F-16F7-4668-BE54-9A1E7A4F7556}") = "FacadePattern", "FacadePattern\FacadePattern.csproj", "{75487C9B-D47B-4816-953A-2157035AD13C}"
EndProject
Project("{9A19103F-16F7-4668-BE54-9A1E7A4F7556}") = "FactoryPattern", "FactoryPattern\FactoryPattern.csproj", "{0F7DDC83-A3E6-4E1B-B94B-443DECC9D1B1}"
EndProject
Project("{9A19103F-16F7-4668-BE54-9A1E7A4F7556}") = "FlyweightPattern", "FlyweightPattern\FlyweightPattern.csproj", "{2B318A90-5391-4E3C-9A8A-7CBD825E324C}"
EndProject
Project("{9A19103F-16F7-4668-BE54-9A1E7A4F7556}") = "IteratorPattern", "IteratorPattern\IteratorPattern.csproj", "{70AE4021-E54C-4EF7-AE25-D8C223EE5347}"
EndProject
Project("{9A19103F-16F7-4668-BE54-9A1E7A4F7556}") = "MediatorPattern", "MediatorPattern\MediatorPattern.csproj", "{9653280A-01E6-444B-8F14-8D515CD9535B}"
EndProject
Project("{9A19103F-16F7-4668-BE54-9A1E7A4F7556}") = "MementoPattern", "MementoPattern\MementoPattern.csproj", "{3BDD9FCD-8D40-4952-83DA-98B63FF835C1}"
EndProject
Project("{9A19103F-16F7-4668-BE54-9A1E7A4F7556}") = "ObserverPattern", "ObserverPattern\ObserverPattern.csproj", "{0AE3C36E-836A-4461-9F2D-37406B8B74CA}"
EndProject
Project("{9A19103F-16F7-4668-BE54-9A1E7A4F7556}") = "PrototypePattern", "PrototypePattern\PrototypePattern.csproj", "{CBD2CC9D-6D4A-4519-9351-6035334E2FCB}"
EndProject
Project("{9A19103F-16F7-4668-BE54-9A1E7A4F7556}") = "ProxyPattern", "ProxyPattern\ProxyPattern.csproj", "{075113AE-6C3F-4B1A-9D1E-5B07FB0892EA}"
EndProject
Project("{9A19103F-16F7-4668-BE54-9A1E7A4F7556}") = "SingletonPattern", "SingletonPattern\SingletonPattern.csproj", "{D770B101-7784-46CF-9300-982724D5BA78}"
EndProject
Project("{9A19103F-16F7-4668-BE54-9A1E7A4F7556}") = "StatePattern", "StatePattern\StatePattern.csproj", "{F4E6CCE1-EB0C-4E33-A74C-4B79847FE31F}"
EndProject
Project("{9A19103F-16F7-4668-BE54-9A1E7A4F7556}") = "StrategyPattern", "StrategyPattern\StrategyPattern.csproj", "{DF292FE2-1337-4A6A-B7CE-53FA6BC918F2}"
EndProject
Project("{FAE04EC0-301F-11D3-BF4B-00C04F79EFBC}") = "TemplateMethodPattern", "TemplateMethodPattern\TemplateMethodPattern.csproj", "{3EB1B89A-22A3-4422-9E97-CEEEF1B3ACCC}"
EndProject
Project("{FAE04EC0-301F-11D3-BF4B-00C04F79EFBC}") = "VisitorPattern", "VisitorPattern\VisitorPattern.csproj", "{9BF580F1-7926-40C0-822E-DCBB0FDF555F}"
EndProject
Global
	GlobalSection(SolutionConfigurationPlatforms) = preSolution
		Debug|Any CPU = Debug|Any CPU
		Release|Any CPU = Release|Any CPU
	EndGlobalSection
	GlobalSection(ProjectConfigurationPlatforms) = postSolution
		{860EDBDD-188F-4BD1-B0D9-C56B750E8718}.Debug|Any CPU.ActiveCfg = Debug|Any CPU
		{860EDBDD-188F-4BD1-B0D9-C56B750E8718}.Debug|Any CPU.Build.0 = Debug|Any CPU
		{860EDBDD-188F-4BD1-B0D9-C56B750E8718}.Release|Any CPU.ActiveCfg = Release|Any CPU
		{860EDBDD-188F-4BD1-B0D9-C56B750E8718}.Release|Any CPU.Build.0 = Release|Any CPU
		{924A63F3-2BD0-4D40-9A4D-FCD4D8ECDF1F}.Debug|Any CPU.ActiveCfg = Debug|Any CPU
		{924A63F3-2BD0-4D40-9A4D-FCD4D8ECDF1F}.Debug|Any CPU.Build.0 = Debug|Any CPU
		{924A63F3-2BD0-4D40-9A4D-FCD4D8ECDF1F}.Release|Any CPU.ActiveCfg = Release|Any CPU
		{924A63F3-2BD0-4D40-9A4D-FCD4D8ECDF1F}.Release|Any CPU.Build.0 = Release|Any CPU
		{EC7CBDF1-D858-4BD7-AA26-9192B7627365}.Debug|Any CPU.ActiveCfg = Debug|Any CPU
		{EC7CBDF1-D858-4BD7-AA26-9192B7627365}.Debug|Any CPU.Build.0 = Debug|Any CPU
		{EC7CBDF1-D858-4BD7-AA26-9192B7627365}.Release|Any CPU.ActiveCfg = Release|Any CPU
		{EC7CBDF1-D858-4BD7-AA26-9192B7627365}.Release|Any CPU.Build.0 = Release|Any CPU
		{4634CF7D-2F86-4FD0-8196-AA241157A5D3}.Debug|Any CPU.ActiveCfg = Debug|Any CPU
		{4634CF7D-2F86-4FD0-8196-AA241157A5D3}.Debug|Any CPU.Build.0 = Debug|Any CPU
		{4634CF7D-2F86-4FD0-8196-AA241157A5D3}.Release|Any CPU.ActiveCfg = Release|Any CPU
		{4634CF7D-2F86-4FD0-8196-AA241157A5D3}.Release|Any CPU.Build.0 = Release|Any CPU
		{7C653219-087E-4FBC-B7DD-59A9E522248A}.Debug|Any CPU.ActiveCfg = Debug|Any CPU
		{7C653219-087E-4FBC-B7DD-59A9E522248A}.Debug|Any CPU.Build.0 = Debug|Any CPU
		{7C653219-087E-4FBC-B7DD-59A9E522248A}.Release|Any CPU.ActiveCfg = Release|Any CPU
		{7C653219-087E-4FBC-B7DD-59A9E522248A}.Release|Any CPU.Build.0 = Release|Any CPU
		{CA2B4A35-4599-4744-9387-56A1044C33C7}.Debug|Any CPU.ActiveCfg = Debug|Any CPU
		{CA2B4A35-4599-4744-9387-56A1044C33C7}.Debug|Any CPU.Build.0 = Debug|Any CPU
		{CA2B4A35-4599-4744-9387-56A1044C33C7}.Release|Any CPU.ActiveCfg = Release|Any CPU
		{CA2B4A35-4599-4744-9387-56A1044C33C7}.Release|Any CPU.Build.0 = Release|Any CPU
		{9298C0DA-0A5C-47F1-844A-BF8032BCF4A8}.Debug|Any CPU.ActiveCfg = Debug|Any CPU
		{9298C0DA-0A5C-47F1-844A-BF8032BCF4A8}.Debug|Any CPU.Build.0 = Debug|Any CPU
		{9298C0DA-0A5C-47F1-844A-BF8032BCF4A8}.Release|Any CPU.ActiveCfg = Release|Any CPU
		{9298C0DA-0A5C-47F1-844A-BF8032BCF4A8}.Release|Any CPU.Build.0 = Release|Any CPU
		{75487C9B-D47B-4816-953A-2157035AD13C}.Debug|Any CPU.ActiveCfg = Debug|Any CPU
		{75487C9B-D47B-4816-953A-2157035AD13C}.Debug|Any CPU.Build.0 = Debug|Any CPU
		{75487C9B-D47B-4816-953A-2157035AD13C}.Release|Any CPU.ActiveCfg = Release|Any CPU
		{75487C9B-D47B-4816-953A-2157035AD13C}.Release|Any CPU.Build.0 = Release|Any CPU
		{0F7DDC83-A3E6-4E1B-B94B-443DECC9D1B1}.Debug|Any CPU.ActiveCfg = Debug|Any CPU
		{0F7DDC83-A3E6-4E1B-B94B-443DECC9D1B1}.Debug|Any CPU.Build.0 = Debug|Any CPU
		{0F7DDC83-A3E6-4E1B-B94B-443DECC9D1B1}.Release|Any CPU.ActiveCfg = Release|Any CPU
		{0F7DDC83-A3E6-4E1B-B94B-443DECC9D1B1}.Release|Any CPU.Build.0 = Release|Any CPU
		{2B318A90-5391-4E3C-9A8A-7CBD825E324C}.Debug|Any CPU.ActiveCfg = Debug|Any CPU
		{2B318A90-5391-4E3C-9A8A-7CBD825E324C}.Debug|Any CPU.Build.0 = Debug|Any CPU
		{2B318A90-5391-4E3C-9A8A-7CBD825E324C}.Release|Any CPU.ActiveCfg = Release|Any CPU
		{2B318A90-5391-4E3C-9A8A-7CBD825E324C}.Release|Any CPU.Build.0 = Release|Any CPU
		{70AE4021-E54C-4EF7-AE25-D8C223EE5347}.Debug|Any CPU.ActiveCfg = Debug|Any CPU
		{70AE4021-E54C-4EF7-AE25-D8C223EE5347}.Debug|Any CPU.Build.0 = Debug|Any CPU
		{70AE4021-E54C-4EF7-AE25-D8C223EE5347}.Release|Any CPU.ActiveCfg = Release|Any CPU
		{70AE4021-E54C-4EF7-AE25-D8C223EE5347}.Release|Any CPU.Build.0 = Release|Any CPU
		{9653280A-01E6-444B-8F14-8D515CD9535B}.Debug|Any CPU.ActiveCfg = Debug|Any CPU
		{9653280A-01E6-444B-8F14-8D515CD9535B}.Debug|Any CPU.Build.0 = Debug|Any CPU
		{9653280A-01E6-444B-8F14-8D515CD9535B}.Release|Any CPU.ActiveCfg = Release|Any CPU
		{9653280A-01E6-444B-8F14-8D515CD9535B}.Release|Any CPU.Build.0 = Release|Any CPU
		{3BDD9FCD-8D40-4952-83DA-98B63FF835C1}.Debug|Any CPU.ActiveCfg = Debug|Any CPU
		{3BDD9FCD-8D40-4952-83DA-98B63FF835C1}.Debug|Any CPU.Build.0 = Debug|Any CPU
		{3BDD9FCD-8D40-4952-83DA-98B63FF835C1}.Release|Any CPU.ActiveCfg = Release|Any CPU
		{3BDD9FCD-8D40-4952-83DA-98B63FF835C1}.Release|Any CPU.Build.0 = Release|Any CPU
		{0AE3C36E-836A-4461-9F2D-37406B8B74CA}.Debug|Any CPU.ActiveCfg = Debug|Any CPU
		{0AE3C36E-836A-4461-9F2D-37406B8B74CA}.Debug|Any CPU.Build.0 = Debug|Any CPU
		{0AE3C36E-836A-4461-9F2D-37406B8B74CA}.Release|Any CPU.ActiveCfg = Release|Any CPU
		{0AE3C36E-836A-4461-9F2D-37406B8B74CA}.Release|Any CPU.Build.0 = Release|Any CPU
		{CBD2CC9D-6D4A-4519-9351-6035334E2FCB}.Debug|Any CPU.ActiveCfg = Debug|Any CPU
		{CBD2CC9D-6D4A-4519-9351-6035334E2FCB}.Debug|Any CPU.Build.0 = Debug|Any CPU
		{CBD2CC9D-6D4A-4519-9351-6035334E2FCB}.Release|Any CPU.ActiveCfg = Release|Any CPU
		{CBD2CC9D-6D4A-4519-9351-6035334E2FCB}.Release|Any CPU.Build.0 = Release|Any CPU
		{075113AE-6C3F-4B1A-9D1E-5B07FB0892EA}.Debug|Any CPU.ActiveCfg = Debug|Any CPU
		{075113AE-6C3F-4B1A-9D1E-5B07FB0892EA}.Debug|Any CPU.Build.0 = Debug|Any CPU
		{075113AE-6C3F-4B1A-9D1E-5B07FB0892EA}.Release|Any CPU.ActiveCfg = Release|Any CPU
		{075113AE-6C3F-4B1A-9D1E-5B07FB0892EA}.Release|Any CPU.Build.0 = Release|Any CPU
		{D770B101-7784-46CF-9300-982724D5BA78}.Debug|Any CPU.ActiveCfg = Debug|Any CPU
		{D770B101-7784-46CF-9300-982724D5BA78}.Debug|Any CPU.Build.0 = Debug|Any CPU
		{D770B101-7784-46CF-9300-982724D5BA78}.Release|Any CPU.ActiveCfg = Release|Any CPU
		{D770B101-7784-46CF-9300-982724D5BA78}.Release|Any CPU.Build.0 = Release|Any CPU
		{F4E6CCE1-EB0C-4E33-A74C-4B79847FE31F}.Debug|Any CPU.ActiveCfg = Debug|Any CPU
		{F4E6CCE1-EB0C-4E33-A74C-4B79847FE31F}.Debug|Any CPU.Build.0 = Debug|Any CPU
		{F4E6CCE1-EB0C-4E33-A74C-4B79847FE31F}.Release|Any CPU.ActiveCfg = Release|Any CPU
		{F4E6CCE1-EB0C-4E33-A74C-4B79847FE31F}.Release|Any CPU.Build.0 = Release|Any CPU
		{DF292FE2-1337-4A6A-B7CE-53FA6BC918F2}.Debug|Any CPU.ActiveCfg = Debug|Any CPU
		{DF292FE2-1337-4A6A-B7CE-53FA6BC918F2}.Debug|Any CPU.Build.0 = Debug|Any CPU
		{DF292FE2-1337-4A6A-B7CE-53FA6BC918F2}.Release|Any CPU.ActiveCfg = Release|Any CPU
		{DF292FE2-1337-4A6A-B7CE-53FA6BC918F2}.Release|Any CPU.Build.0 = Release|Any CPU
		{3EB1B89A-22A3-4422-9E97-CEEEF1B3ACCC}.Debug|Any CPU.ActiveCfg = Debug|Any CPU
		{3EB1B89A-22A3-4422-9E97-CEEEF1B3ACCC}.Debug|Any CPU.Build.0 = Debug|Any CPU
		{3EB1B89A-22A3-4422-9E97-CEEEF1B3ACCC}.Release|Any CPU.ActiveCfg = Release|Any CPU
		{3EB1B89A-22A3-4422-9E97-CEEEF1B3ACCC}.Release|Any CPU.Build.0 = Release|Any CPU
		{9BF580F1-7926-40C0-822E-DCBB0FDF555F}.Debug|Any CPU.ActiveCfg = Debug|Any CPU
		{9BF580F1-7926-40C0-822E-DCBB0FDF555F}.Debug|Any CPU.Build.0 = Debug|Any CPU
		{9BF580F1-7926-40C0-822E-DCBB0FDF555F}.Release|Any CPU.ActiveCfg = Release|Any CPU
		{9BF580F1-7926-40C0-822E-DCBB0FDF555F}.Release|Any CPU.Build.0 = Release|Any CPU
	EndGlobalSection
	GlobalSection(SolutionProperties) = preSolution
		HideSolutionNode = FALSE
	EndGlobalSection
	GlobalSection(ExtensibilityGlobals) = postSolution
		SolutionGuid = {EFBDEB82-F2F0-40E7-B613-E602B4A9DF03}
	EndGlobalSection
EndGlobal
